// !$*UTF8*$!
{
	archiveVersion = 1;
	classes = {
	};
	objectVersion = 56;
	objects = {

/* Begin PBXBuildFile section */
		5F7432312AB8AC2200753CBD /* FirebaseAuth in Frameworks */ = {isa = PBXBuildFile; productRef = 5F7432302AB8AC2200753CBD /* FirebaseAuth */; };
		5F7432332AB8AC2600753CBD /* FirebaseFirestore in Frameworks */ = {isa = PBXBuildFile; productRef = 5F7432322AB8AC2600753CBD /* FirebaseFirestore */; };
		5F7432352AB8AC2D00753CBD /* FirebaseFirestoreSwift in Frameworks */ = {isa = PBXBuildFile; productRef = 5F7432342AB8AC2D00753CBD /* FirebaseFirestoreSwift */; };
		5F7432372AB9EAA600753CBD /* Launch Screen.storyboard in Resources */ = {isa = PBXBuildFile; fileRef = 5F7432362AB9EAA600753CBD /* Launch Screen.storyboard */; };
		5F74323D2ABA237900753CBD /* Rubik-Italic-VariableFont_wght.ttf in Resources */ = {isa = PBXBuildFile; fileRef = 5F74323B2ABA237800753CBD /* Rubik-Italic-VariableFont_wght.ttf */; };
		5F74323E2ABA237900753CBD /* Rubik-VariableFont_wght.ttf in Resources */ = {isa = PBXBuildFile; fileRef = 5F74323C2ABA237900753CBD /* Rubik-VariableFont_wght.ttf */; };
		5F7432482ABA32EA00753CBD /* RobotoSlab-Light.ttf in Resources */ = {isa = PBXBuildFile; fileRef = 5F74323F2ABA32E900753CBD /* RobotoSlab-Light.ttf */; };
		5F7432492ABA32EA00753CBD /* RobotoSlab-Regular.ttf in Resources */ = {isa = PBXBuildFile; fileRef = 5F7432402ABA32E900753CBD /* RobotoSlab-Regular.ttf */; };
		5F74324A2ABA32EA00753CBD /* RobotoSlab-ExtraLight.ttf in Resources */ = {isa = PBXBuildFile; fileRef = 5F7432412ABA32EA00753CBD /* RobotoSlab-ExtraLight.ttf */; };
		5F74324B2ABA32EA00753CBD /* RobotoSlab-Thin.ttf in Resources */ = {isa = PBXBuildFile; fileRef = 5F7432422ABA32EA00753CBD /* RobotoSlab-Thin.ttf */; };
		5F74324C2ABA32EA00753CBD /* RobotoSlab-Medium.ttf in Resources */ = {isa = PBXBuildFile; fileRef = 5F7432432ABA32EA00753CBD /* RobotoSlab-Medium.ttf */; };
		5F74324D2ABA32EA00753CBD /* RobotoSlab-SemiBold.ttf in Resources */ = {isa = PBXBuildFile; fileRef = 5F7432442ABA32EA00753CBD /* RobotoSlab-SemiBold.ttf */; };
		5F74324E2ABA32EA00753CBD /* RobotoSlab-Bold.ttf in Resources */ = {isa = PBXBuildFile; fileRef = 5F7432452ABA32EA00753CBD /* RobotoSlab-Bold.ttf */; };
		5F74324F2ABA32EA00753CBD /* RobotoSlab-Black.ttf in Resources */ = {isa = PBXBuildFile; fileRef = 5F7432462ABA32EA00753CBD /* RobotoSlab-Black.ttf */; };
		5F7432502ABA32EA00753CBD /* RobotoSlab-ExtraBold.ttf in Resources */ = {isa = PBXBuildFile; fileRef = 5F7432472ABA32EA00753CBD /* RobotoSlab-ExtraBold.ttf */; };
		5F7432522ABBB7C200753CBD /* RecipeView.swift in Sources */ = {isa = PBXBuildFile; fileRef = 5F7432512ABBB7C200753CBD /* RecipeView.swift */; };
		5F7432542ABBB7D200753CBD /* NewRecipeView.swift in Sources */ = {isa = PBXBuildFile; fileRef = 5F7432532ABBB7D200753CBD /* NewRecipeView.swift */; };
		5F7432562ABBB7E100753CBD /* RecipeViewViewModel.swift in Sources */ = {isa = PBXBuildFile; fileRef = 5F7432552ABBB7E100753CBD /* RecipeViewViewModel.swift */; };
		5F7432582ABBB7ED00753CBD /* NewRecipeViewViewModel.swift in Sources */ = {isa = PBXBuildFile; fileRef = 5F7432572ABBB7ED00753CBD /* NewRecipeViewViewModel.swift */; };
		5F74325A2ABBD75800753CBD /* RecipeListItem.swift in Sources */ = {isa = PBXBuildFile; fileRef = 5F7432592ABBD75800753CBD /* RecipeListItem.swift */; };
		5FF87F962AB3AD0D00981C0D /* SwiftGroceryListAppApp.swift in Sources */ = {isa = PBXBuildFile; fileRef = 5FF87F952AB3AD0D00981C0D /* SwiftGroceryListAppApp.swift */; };
		5FF87F982AB3AD0D00981C0D /* MainView.swift in Sources */ = {isa = PBXBuildFile; fileRef = 5FF87F972AB3AD0D00981C0D /* MainView.swift */; };
		5FF87F9A2AB3AD0D00981C0D /* Assets.xcassets in Resources */ = {isa = PBXBuildFile; fileRef = 5FF87F992AB3AD0D00981C0D /* Assets.xcassets */; };
		5FF87F9D2AB3AD0D00981C0D /* Preview Assets.xcassets in Resources */ = {isa = PBXBuildFile; fileRef = 5FF87F9C2AB3AD0D00981C0D /* Preview Assets.xcassets */; };
		5FF87F9F2AB3AD0D00981C0D /* Persistence.swift in Sources */ = {isa = PBXBuildFile; fileRef = 5FF87F9E2AB3AD0D00981C0D /* Persistence.swift */; };
		5FF87FA22AB3AD0D00981C0D /* SwiftGroceryListApp.xcdatamodeld in Sources */ = {isa = PBXBuildFile; fileRef = 5FF87FA02AB3AD0D00981C0D /* SwiftGroceryListApp.xcdatamodeld */; };
		5FF87FB02AB4A28A00981C0D /* GoogleService-Info.plist in Resources */ = {isa = PBXBuildFile; fileRef = 5FF87FAF2AB4A28A00981C0D /* GoogleService-Info.plist */; };
		5FF87FB72AB4A5A600981C0D /* ProfileView.swift in Sources */ = {isa = PBXBuildFile; fileRef = 5FF87FB62AB4A5A600981C0D /* ProfileView.swift */; };
		5FF87FB92AB4A5C300981C0D /* NewItemView.swift in Sources */ = {isa = PBXBuildFile; fileRef = 5FF87FB82AB4A5C300981C0D /* NewItemView.swift */; };
		5FF87FBB2AB4A5CD00981C0D /* LoginView.swift in Sources */ = {isa = PBXBuildFile; fileRef = 5FF87FBA2AB4A5CD00981C0D /* LoginView.swift */; };
		5FF87FBD2AB4A5D600981C0D /* RegisterView.swift in Sources */ = {isa = PBXBuildFile; fileRef = 5FF87FBC2AB4A5D600981C0D /* RegisterView.swift */; };
		5FF87FBF2AB4A61600981C0D /* GroceryItemView.swift in Sources */ = {isa = PBXBuildFile; fileRef = 5FF87FBE2AB4A61600981C0D /* GroceryItemView.swift */; };
		5FF87FC12AB4A64700981C0D /* User.swift in Sources */ = {isa = PBXBuildFile; fileRef = 5FF87FC02AB4A64700981C0D /* User.swift */; };
		5FF87FC32AB4A65E00981C0D /* GroceryListItem.swift in Sources */ = {isa = PBXBuildFile; fileRef = 5FF87FC22AB4A65E00981C0D /* GroceryListItem.swift */; };
		5FF87FC52AB4A68D00981C0D /* GroceryListViewViewModel.swift in Sources */ = {isa = PBXBuildFile; fileRef = 5FF87FC42AB4A68D00981C0D /* GroceryListViewViewModel.swift */; };
		5FF87FC72AB4A69600981C0D /* ProfileViewViewModel.swift in Sources */ = {isa = PBXBuildFile; fileRef = 5FF87FC62AB4A69600981C0D /* ProfileViewViewModel.swift */; };
		5FF87FC92AB4A6A700981C0D /* NewItemViewViewModel.swift in Sources */ = {isa = PBXBuildFile; fileRef = 5FF87FC82AB4A6A700981C0D /* NewItemViewViewModel.swift */; };
		5FF87FCB2AB4A6B300981C0D /* LoginViewViewModel.swift in Sources */ = {isa = PBXBuildFile; fileRef = 5FF87FCA2AB4A6B300981C0D /* LoginViewViewModel.swift */; };
		5FF87FCD2AB4A6C000981C0D /* RegisterViewViewModel.swift in Sources */ = {isa = PBXBuildFile; fileRef = 5FF87FCC2AB4A6C000981C0D /* RegisterViewViewModel.swift */; };
		5FF87FCF2AB4A6CB00981C0D /* GroceryItemViewViewModel.swift in Sources */ = {isa = PBXBuildFile; fileRef = 5FF87FCE2AB4A6CB00981C0D /* GroceryItemViewViewModel.swift */; };
		5FF87FD12AB4A9BE00981C0D /* GroceryListView.swift in Sources */ = {isa = PBXBuildFile; fileRef = 5FF87FD02AB4A9BE00981C0D /* GroceryListView.swift */; };
		5FF87FD32AB4A9F000981C0D /* MainViewViewModel.swift in Sources */ = {isa = PBXBuildFile; fileRef = 5FF87FD22AB4A9F000981C0D /* MainViewViewModel.swift */; };
		5FF87FD52AB4ACB100981C0D /* HeaderView.swift in Sources */ = {isa = PBXBuildFile; fileRef = 5FF87FD42AB4ACB100981C0D /* HeaderView.swift */; };
		5FF87FD72AB4BD1C00981C0D /* GLButton.swift in Sources */ = {isa = PBXBuildFile; fileRef = 5FF87FD62AB4BD1C00981C0D /* GLButton.swift */; };
		5FF87FD92AB4EEF800981C0D /* Extensions.swift in Sources */ = {isa = PBXBuildFile; fileRef = 5FF87FD82AB4EEF800981C0D /* Extensions.swift */; };
/* End PBXBuildFile section */

/* Begin PBXFileReference section */
		5F7432362AB9EAA600753CBD /* Launch Screen.storyboard */ = {isa = PBXFileReference; lastKnownFileType = file.storyboard; path = "Launch Screen.storyboard"; sourceTree = "<group>"; };
		5F74323B2ABA237800753CBD /* Rubik-Italic-VariableFont_wght.ttf */ = {isa = PBXFileReference; lastKnownFileType = file; path = "Rubik-Italic-VariableFont_wght.ttf"; sourceTree = "<group>"; };
		5F74323C2ABA237900753CBD /* Rubik-VariableFont_wght.ttf */ = {isa = PBXFileReference; lastKnownFileType = file; path = "Rubik-VariableFont_wght.ttf"; sourceTree = "<group>"; };
		5F74323F2ABA32E900753CBD /* RobotoSlab-Light.ttf */ = {isa = PBXFileReference; lastKnownFileType = file; path = "RobotoSlab-Light.ttf"; sourceTree = "<group>"; };
		5F7432402ABA32E900753CBD /* RobotoSlab-Regular.ttf */ = {isa = PBXFileReference; lastKnownFileType = file; path = "RobotoSlab-Regular.ttf"; sourceTree = "<group>"; };
		5F7432412ABA32EA00753CBD /* RobotoSlab-ExtraLight.ttf */ = {isa = PBXFileReference; lastKnownFileType = file; path = "RobotoSlab-ExtraLight.ttf"; sourceTree = "<group>"; };
		5F7432422ABA32EA00753CBD /* RobotoSlab-Thin.ttf */ = {isa = PBXFileReference; lastKnownFileType = file; path = "RobotoSlab-Thin.ttf"; sourceTree = "<group>"; };
		5F7432432ABA32EA00753CBD /* RobotoSlab-Medium.ttf */ = {isa = PBXFileReference; lastKnownFileType = file; path = "RobotoSlab-Medium.ttf"; sourceTree = "<group>"; };
		5F7432442ABA32EA00753CBD /* RobotoSlab-SemiBold.ttf */ = {isa = PBXFileReference; lastKnownFileType = file; path = "RobotoSlab-SemiBold.ttf"; sourceTree = "<group>"; };
		5F7432452ABA32EA00753CBD /* RobotoSlab-Bold.ttf */ = {isa = PBXFileReference; lastKnownFileType = file; path = "RobotoSlab-Bold.ttf"; sourceTree = "<group>"; };
		5F7432462ABA32EA00753CBD /* RobotoSlab-Black.ttf */ = {isa = PBXFileReference; lastKnownFileType = file; path = "RobotoSlab-Black.ttf"; sourceTree = "<group>"; };
		5F7432472ABA32EA00753CBD /* RobotoSlab-ExtraBold.ttf */ = {isa = PBXFileReference; lastKnownFileType = file; path = "RobotoSlab-ExtraBold.ttf"; sourceTree = "<group>"; };
		5F7432512ABBB7C200753CBD /* RecipeView.swift */ = {isa = PBXFileReference; lastKnownFileType = sourcecode.swift; path = RecipeView.swift; sourceTree = "<group>"; };
		5F7432532ABBB7D200753CBD /* NewRecipeView.swift */ = {isa = PBXFileReference; lastKnownFileType = sourcecode.swift; path = NewRecipeView.swift; sourceTree = "<group>"; };
		5F7432552ABBB7E100753CBD /* RecipeViewViewModel.swift */ = {isa = PBXFileReference; lastKnownFileType = sourcecode.swift; path = RecipeViewViewModel.swift; sourceTree = "<group>"; };
		5F7432572ABBB7ED00753CBD /* NewRecipeViewViewModel.swift */ = {isa = PBXFileReference; lastKnownFileType = sourcecode.swift; path = NewRecipeViewViewModel.swift; sourceTree = "<group>"; };
		5F7432592ABBD75800753CBD /* RecipeListItem.swift */ = {isa = PBXFileReference; lastKnownFileType = sourcecode.swift; path = RecipeListItem.swift; sourceTree = "<group>"; };
		5FF87F922AB3AD0D00981C0D /* SwiftGroceryListApp.app */ = {isa = PBXFileReference; explicitFileType = wrapper.application; includeInIndex = 0; path = SwiftGroceryListApp.app; sourceTree = BUILT_PRODUCTS_DIR; };
		5FF87F952AB3AD0D00981C0D /* SwiftGroceryListAppApp.swift */ = {isa = PBXFileReference; lastKnownFileType = sourcecode.swift; path = SwiftGroceryListAppApp.swift; sourceTree = "<group>"; };
		5FF87F972AB3AD0D00981C0D /* MainView.swift */ = {isa = PBXFileReference; lastKnownFileType = sourcecode.swift; path = MainView.swift; sourceTree = "<group>"; };
		5FF87F992AB3AD0D00981C0D /* Assets.xcassets */ = {isa = PBXFileReference; lastKnownFileType = folder.assetcatalog; name = Assets.xcassets; path = SwiftGroceryListApp/Other/Assets.xcassets; sourceTree = SOURCE_ROOT; };
		5FF87F9C2AB3AD0D00981C0D /* Preview Assets.xcassets */ = {isa = PBXFileReference; lastKnownFileType = folder.assetcatalog; path = "Preview Assets.xcassets"; sourceTree = "<group>"; };
		5FF87F9E2AB3AD0D00981C0D /* Persistence.swift */ = {isa = PBXFileReference; lastKnownFileType = sourcecode.swift; path = Persistence.swift; sourceTree = "<group>"; };
		5FF87FA12AB3AD0D00981C0D /* SwiftGroceryListApp.xcdatamodel */ = {isa = PBXFileReference; lastKnownFileType = wrapper.xcdatamodel; path = SwiftGroceryListApp.xcdatamodel; sourceTree = "<group>"; };
		5FF87FAF2AB4A28A00981C0D /* GoogleService-Info.plist */ = {isa = PBXFileReference; fileEncoding = 4; lastKnownFileType = text.plist.xml; path = "GoogleService-Info.plist"; sourceTree = "<group>"; };
		5FF87FB62AB4A5A600981C0D /* ProfileView.swift */ = {isa = PBXFileReference; lastKnownFileType = sourcecode.swift; path = ProfileView.swift; sourceTree = "<group>"; };
		5FF87FB82AB4A5C300981C0D /* NewItemView.swift */ = {isa = PBXFileReference; lastKnownFileType = sourcecode.swift; path = NewItemView.swift; sourceTree = "<group>"; };
		5FF87FBA2AB4A5CD00981C0D /* LoginView.swift */ = {isa = PBXFileReference; lastKnownFileType = sourcecode.swift; path = LoginView.swift; sourceTree = "<group>"; };
		5FF87FBC2AB4A5D600981C0D /* RegisterView.swift */ = {isa = PBXFileReference; lastKnownFileType = sourcecode.swift; path = RegisterView.swift; sourceTree = "<group>"; };
		5FF87FBE2AB4A61600981C0D /* GroceryItemView.swift */ = {isa = PBXFileReference; lastKnownFileType = sourcecode.swift; path = GroceryItemView.swift; sourceTree = "<group>"; };
		5FF87FC02AB4A64700981C0D /* User.swift */ = {isa = PBXFileReference; lastKnownFileType = sourcecode.swift; path = User.swift; sourceTree = "<group>"; };
		5FF87FC22AB4A65E00981C0D /* GroceryListItem.swift */ = {isa = PBXFileReference; lastKnownFileType = sourcecode.swift; path = GroceryListItem.swift; sourceTree = "<group>"; };
		5FF87FC42AB4A68D00981C0D /* GroceryListViewViewModel.swift */ = {isa = PBXFileReference; lastKnownFileType = sourcecode.swift; path = GroceryListViewViewModel.swift; sourceTree = "<group>"; };
		5FF87FC62AB4A69600981C0D /* ProfileViewViewModel.swift */ = {isa = PBXFileReference; lastKnownFileType = sourcecode.swift; path = ProfileViewViewModel.swift; sourceTree = "<group>"; };
		5FF87FC82AB4A6A700981C0D /* NewItemViewViewModel.swift */ = {isa = PBXFileReference; lastKnownFileType = sourcecode.swift; path = NewItemViewViewModel.swift; sourceTree = "<group>"; };
		5FF87FCA2AB4A6B300981C0D /* LoginViewViewModel.swift */ = {isa = PBXFileReference; lastKnownFileType = sourcecode.swift; path = LoginViewViewModel.swift; sourceTree = "<group>"; };
		5FF87FCC2AB4A6C000981C0D /* RegisterViewViewModel.swift */ = {isa = PBXFileReference; lastKnownFileType = sourcecode.swift; path = RegisterViewViewModel.swift; sourceTree = "<group>"; };
		5FF87FCE2AB4A6CB00981C0D /* GroceryItemViewViewModel.swift */ = {isa = PBXFileReference; lastKnownFileType = sourcecode.swift; path = GroceryItemViewViewModel.swift; sourceTree = "<group>"; };
		5FF87FD02AB4A9BE00981C0D /* GroceryListView.swift */ = {isa = PBXFileReference; lastKnownFileType = sourcecode.swift; path = GroceryListView.swift; sourceTree = "<group>"; };
		5FF87FD22AB4A9F000981C0D /* MainViewViewModel.swift */ = {isa = PBXFileReference; lastKnownFileType = sourcecode.swift; path = MainViewViewModel.swift; sourceTree = "<group>"; };
		5FF87FD42AB4ACB100981C0D /* HeaderView.swift */ = {isa = PBXFileReference; lastKnownFileType = sourcecode.swift; path = HeaderView.swift; sourceTree = "<group>"; };
		5FF87FD62AB4BD1C00981C0D /* GLButton.swift */ = {isa = PBXFileReference; lastKnownFileType = sourcecode.swift; path = GLButton.swift; sourceTree = "<group>"; };
		5FF87FD82AB4EEF800981C0D /* Extensions.swift */ = {isa = PBXFileReference; lastKnownFileType = sourcecode.swift; path = Extensions.swift; sourceTree = "<group>"; };
/* End PBXFileReference section */

/* Begin PBXFrameworksBuildPhase section */
		5FF87F8F2AB3AD0D00981C0D /* Frameworks */ = {
			isa = PBXFrameworksBuildPhase;
			buildActionMask = 2147483647;
			files = (
				5F7432312AB8AC2200753CBD /* FirebaseAuth in Frameworks */,
				5F7432332AB8AC2600753CBD /* FirebaseFirestore in Frameworks */,
				5F7432352AB8AC2D00753CBD /* FirebaseFirestoreSwift in Frameworks */,
			);
			runOnlyForDeploymentPostprocessing = 0;
		};
/* End PBXFrameworksBuildPhase section */

/* Begin PBXGroup section */
		5F6FA7822AB897E5002CC094 /* Frameworks */ = {
			isa = PBXGroup;
			children = (
			);
			name = Frameworks;
			sourceTree = "<group>";
		};
		5F74323A2ABA231100753CBD /* Font */ = {
			isa = PBXGroup;
			children = (
				5F7432462ABA32EA00753CBD /* RobotoSlab-Black.ttf */,
				5F7432452ABA32EA00753CBD /* RobotoSlab-Bold.ttf */,
				5F7432472ABA32EA00753CBD /* RobotoSlab-ExtraBold.ttf */,
				5F7432412ABA32EA00753CBD /* RobotoSlab-ExtraLight.ttf */,
				5F74323F2ABA32E900753CBD /* RobotoSlab-Light.ttf */,
				5F7432432ABA32EA00753CBD /* RobotoSlab-Medium.ttf */,
				5F7432402ABA32E900753CBD /* RobotoSlab-Regular.ttf */,
				5F7432442ABA32EA00753CBD /* RobotoSlab-SemiBold.ttf */,
				5F7432422ABA32EA00753CBD /* RobotoSlab-Thin.ttf */,
				5F74323B2ABA237800753CBD /* Rubik-Italic-VariableFont_wght.ttf */,
				5F74323C2ABA237900753CBD /* Rubik-VariableFont_wght.ttf */,
			);
			path = Font;
			sourceTree = "<group>";
		};
		5FF87F892AB3AD0C00981C0D = {
			isa = PBXGroup;
			children = (
				5FF87F942AB3AD0D00981C0D /* SwiftGroceryListApp */,
				5FF87F932AB3AD0D00981C0D /* Products */,
				5F6FA7822AB897E5002CC094 /* Frameworks */,
			);
			sourceTree = "<group>";
		};
		5FF87F932AB3AD0D00981C0D /* Products */ = {
			isa = PBXGroup;
			children = (
				5FF87F922AB3AD0D00981C0D /* SwiftGroceryListApp.app */,
			);
			name = Products;
			sourceTree = "<group>";
		};
		5FF87F942AB3AD0D00981C0D /* SwiftGroceryListApp */ = {
			isa = PBXGroup;
			children = (
				5F74323A2ABA231100753CBD /* Font */,
				5FF87FB52AB4A48F00981C0D /* Other */,
				5FF87FB42AB4A47000981C0D /* Models */,
				5FF87FB32AB4A45800981C0D /* ViewModels */,
				5FF87FB12AB4A43900981C0D /* Views */,
				5FF87F9E2AB3AD0D00981C0D /* Persistence.swift */,
				5FF87FA02AB3AD0D00981C0D /* SwiftGroceryListApp.xcdatamodeld */,
				5FF87F9B2AB3AD0D00981C0D /* Preview Content */,
			);
			path = SwiftGroceryListApp;
			sourceTree = "<group>";
		};
		5FF87F9B2AB3AD0D00981C0D /* Preview Content */ = {
			isa = PBXGroup;
			children = (
				5FF87F9C2AB3AD0D00981C0D /* Preview Assets.xcassets */,
			);
			path = "Preview Content";
			sourceTree = "<group>";
		};
		5FF87FB12AB4A43900981C0D /* Views */ = {
			isa = PBXGroup;
			children = (
				5FF87F972AB3AD0D00981C0D /* MainView.swift */,
				5FF87FB62AB4A5A600981C0D /* ProfileView.swift */,
				5FF87FB82AB4A5C300981C0D /* NewItemView.swift */,
				5FF87FBA2AB4A5CD00981C0D /* LoginView.swift */,
				5FF87FBC2AB4A5D600981C0D /* RegisterView.swift */,
				5FF87FBE2AB4A61600981C0D /* GroceryItemView.swift */,
				5FF87FD02AB4A9BE00981C0D /* GroceryListView.swift */,
				5FF87FD42AB4ACB100981C0D /* HeaderView.swift */,
				5FF87FD62AB4BD1C00981C0D /* GLButton.swift */,
				5F7432512ABBB7C200753CBD /* RecipeView.swift */,
				5F7432532ABBB7D200753CBD /* NewRecipeView.swift */,
			);
			path = Views;
			sourceTree = "<group>";
		};
		5FF87FB32AB4A45800981C0D /* ViewModels */ = {
			isa = PBXGroup;
			children = (
				5FF87FC42AB4A68D00981C0D /* GroceryListViewViewModel.swift */,
				5FF87FD22AB4A9F000981C0D /* MainViewViewModel.swift */,
				5FF87FC62AB4A69600981C0D /* ProfileViewViewModel.swift */,
				5FF87FC82AB4A6A700981C0D /* NewItemViewViewModel.swift */,
				5FF87FCA2AB4A6B300981C0D /* LoginViewViewModel.swift */,
				5FF87FCC2AB4A6C000981C0D /* RegisterViewViewModel.swift */,
				5FF87FCE2AB4A6CB00981C0D /* GroceryItemViewViewModel.swift */,
				5F7432552ABBB7E100753CBD /* RecipeViewViewModel.swift */,
				5F7432572ABBB7ED00753CBD /* NewRecipeViewViewModel.swift */,
			);
			path = ViewModels;
			sourceTree = "<group>";
		};
		5FF87FB42AB4A47000981C0D /* Models */ = {
			isa = PBXGroup;
			children = (
				5FF87FC02AB4A64700981C0D /* User.swift */,
				5FF87FC22AB4A65E00981C0D /* GroceryListItem.swift */,
				5F7432592ABBD75800753CBD /* RecipeListItem.swift */,
			);
			path = Models;
			sourceTree = "<group>";
		};
		5FF87FB52AB4A48F00981C0D /* Other */ = {
			isa = PBXGroup;
			children = (
				5FF87FAF2AB4A28A00981C0D /* GoogleService-Info.plist */,
				5FF87F952AB3AD0D00981C0D /* SwiftGroceryListAppApp.swift */,
				5FF87F992AB3AD0D00981C0D /* Assets.xcassets */,
				5FF87FD82AB4EEF800981C0D /* Extensions.swift */,
				5F7432362AB9EAA600753CBD /* Launch Screen.storyboard */,
			);
			path = Other;
			sourceTree = "<group>";
		};
/* End PBXGroup section */

/* Begin PBXNativeTarget section */
		5FF87F912AB3AD0D00981C0D /* SwiftGroceryListApp */ = {
			isa = PBXNativeTarget;
			buildConfigurationList = 5FF87FA52AB3AD0D00981C0D /* Build configuration list for PBXNativeTarget "SwiftGroceryListApp" */;
			buildPhases = (
				5FF87F8E2AB3AD0D00981C0D /* Sources */,
				5FF87F8F2AB3AD0D00981C0D /* Frameworks */,
				5FF87F902AB3AD0D00981C0D /* Resources */,
			);
			buildRules = (
			);
			dependencies = (
			);
			name = SwiftGroceryListApp;
			packageProductDependencies = (
				5F7432302AB8AC2200753CBD /* FirebaseAuth */,
				5F7432322AB8AC2600753CBD /* FirebaseFirestore */,
				5F7432342AB8AC2D00753CBD /* FirebaseFirestoreSwift */,
			);
			productName = SwiftGroceryListApp;
			productReference = 5FF87F922AB3AD0D00981C0D /* SwiftGroceryListApp.app */;
			productType = "com.apple.product-type.application";
		};
/* End PBXNativeTarget section */

/* Begin PBXProject section */
		5FF87F8A2AB3AD0C00981C0D /* Project object */ = {
			isa = PBXProject;
			attributes = {
				BuildIndependentTargetsInParallel = 1;
				LastSwiftUpdateCheck = 1400;
				LastUpgradeCheck = 1400;
				TargetAttributes = {
					5FF87F912AB3AD0D00981C0D = {
						CreatedOnToolsVersion = 14.0;
					};
				};
			};
			buildConfigurationList = 5FF87F8D2AB3AD0C00981C0D /* Build configuration list for PBXProject "SwiftGroceryListApp" */;
			compatibilityVersion = "Xcode 14.0";
			developmentRegion = en;
			hasScannedForEncodings = 0;
			knownRegions = (
				en,
				Base,
			);
			mainGroup = 5FF87F892AB3AD0C00981C0D;
			packageReferences = (
				5FF87FA82AB49DC800981C0D /* XCRemoteSwiftPackageReference "firebase-ios-sdk" */,
			);
			productRefGroup = 5FF87F932AB3AD0D00981C0D /* Products */;
			projectDirPath = "";
			projectRoot = "";
			targets = (
				5FF87F912AB3AD0D00981C0D /* SwiftGroceryListApp */,
			);
		};
/* End PBXProject section */

/* Begin PBXResourcesBuildPhase section */
		5FF87F902AB3AD0D00981C0D /* Resources */ = {
			isa = PBXResourcesBuildPhase;
			buildActionMask = 2147483647;
			files = (
				5F74324C2ABA32EA00753CBD /* RobotoSlab-Medium.ttf in Resources */,
				5F7432492ABA32EA00753CBD /* RobotoSlab-Regular.ttf in Resources */,
				5F74323D2ABA237900753CBD /* Rubik-Italic-VariableFont_wght.ttf in Resources */,
				5F7432482ABA32EA00753CBD /* RobotoSlab-Light.ttf in Resources */,
				5FF87F9D2AB3AD0D00981C0D /* Preview Assets.xcassets in Resources */,
				5FF87F9A2AB3AD0D00981C0D /* Assets.xcassets in Resources */,
				5F74324D2ABA32EA00753CBD /* RobotoSlab-SemiBold.ttf in Resources */,
				5F74323E2ABA237900753CBD /* Rubik-VariableFont_wght.ttf in Resources */,
				5F7432502ABA32EA00753CBD /* RobotoSlab-ExtraBold.ttf in Resources */,
				5F74324B2ABA32EA00753CBD /* RobotoSlab-Thin.ttf in Resources */,
				5F74324F2ABA32EA00753CBD /* RobotoSlab-Black.ttf in Resources */,
				5F74324A2ABA32EA00753CBD /* RobotoSlab-ExtraLight.ttf in Resources */,
				5F74324E2ABA32EA00753CBD /* RobotoSlab-Bold.ttf in Resources */,
				5F7432372AB9EAA600753CBD /* Launch Screen.storyboard in Resources */,
				5FF87FB02AB4A28A00981C0D /* GoogleService-Info.plist in Resources */,
			);
			runOnlyForDeploymentPostprocessing = 0;
		};
/* End PBXResourcesBuildPhase section */

/* Begin PBXSourcesBuildPhase section */
		5FF87F8E2AB3AD0D00981C0D /* Sources */ = {
			isa = PBXSourcesBuildPhase;
			buildActionMask = 2147483647;
			files = (
				5FF87FC52AB4A68D00981C0D /* GroceryListViewViewModel.swift in Sources */,
				5FF87FB92AB4A5C300981C0D /* NewItemView.swift in Sources */,
				5FF87FD72AB4BD1C00981C0D /* GLButton.swift in Sources */,
				5F7432542ABBB7D200753CBD /* NewRecipeView.swift in Sources */,
				5FF87FCD2AB4A6C000981C0D /* RegisterViewViewModel.swift in Sources */,
				5FF87FC32AB4A65E00981C0D /* GroceryListItem.swift in Sources */,
				5FF87FC72AB4A69600981C0D /* ProfileViewViewModel.swift in Sources */,
				5FF87FBB2AB4A5CD00981C0D /* LoginView.swift in Sources */,
				5FF87F9F2AB3AD0D00981C0D /* Persistence.swift in Sources */,
				5F7432522ABBB7C200753CBD /* RecipeView.swift in Sources */,
				5FF87F982AB3AD0D00981C0D /* MainView.swift in Sources */,
				5FF87FD92AB4EEF800981C0D /* Extensions.swift in Sources */,
				5FF87FB72AB4A5A600981C0D /* ProfileView.swift in Sources */,
				5FF87FBD2AB4A5D600981C0D /* RegisterView.swift in Sources */,
				5F74325A2ABBD75800753CBD /* RecipeListItem.swift in Sources */,
				5FF87FBF2AB4A61600981C0D /* GroceryItemView.swift in Sources */,
				5FF87FCF2AB4A6CB00981C0D /* GroceryItemViewViewModel.swift in Sources */,
				5FF87FCB2AB4A6B300981C0D /* LoginViewViewModel.swift in Sources */,
				5FF87FA22AB3AD0D00981C0D /* SwiftGroceryListApp.xcdatamodeld in Sources */,
				5FF87FD12AB4A9BE00981C0D /* GroceryListView.swift in Sources */,
				5FF87FD52AB4ACB100981C0D /* HeaderView.swift in Sources */,
				5F7432562ABBB7E100753CBD /* RecipeViewViewModel.swift in Sources */,
				5FF87FD32AB4A9F000981C0D /* MainViewViewModel.swift in Sources */,
				5FF87FC12AB4A64700981C0D /* User.swift in Sources */,
				5FF87F962AB3AD0D00981C0D /* SwiftGroceryListAppApp.swift in Sources */,
				5F7432582ABBB7ED00753CBD /* NewRecipeViewViewModel.swift in Sources */,
				5FF87FC92AB4A6A700981C0D /* NewItemViewViewModel.swift in Sources */,
			);
			runOnlyForDeploymentPostprocessing = 0;
		};
/* End PBXSourcesBuildPhase section */

/* Begin XCBuildConfiguration section */
		5FF87FA32AB3AD0D00981C0D /* Debug */ = {
			isa = XCBuildConfiguration;
			buildSettings = {
				ALWAYS_SEARCH_USER_PATHS = NO;
				CLANG_ANALYZER_NONNULL = YES;
				CLANG_ANALYZER_NUMBER_OBJECT_CONVERSION = YES_AGGRESSIVE;
				CLANG_CXX_LANGUAGE_STANDARD = "gnu++20";
				CLANG_ENABLE_MODULES = YES;
				CLANG_ENABLE_OBJC_ARC = YES;
				CLANG_ENABLE_OBJC_WEAK = YES;
				CLANG_WARN_BLOCK_CAPTURE_AUTORELEASING = YES;
				CLANG_WARN_BOOL_CONVERSION = YES;
				CLANG_WARN_COMMA = YES;
				CLANG_WARN_CONSTANT_CONVERSION = YES;
				CLANG_WARN_DEPRECATED_OBJC_IMPLEMENTATIONS = YES;
				CLANG_WARN_DIRECT_OBJC_ISA_USAGE = YES_ERROR;
				CLANG_WARN_DOCUMENTATION_COMMENTS = YES;
				CLANG_WARN_EMPTY_BODY = YES;
				CLANG_WARN_ENUM_CONVERSION = YES;
				CLANG_WARN_INFINITE_RECURSION = YES;
				CLANG_WARN_INT_CONVERSION = YES;
				CLANG_WARN_NON_LITERAL_NULL_CONVERSION = YES;
				CLANG_WARN_OBJC_IMPLICIT_RETAIN_SELF = YES;
				CLANG_WARN_OBJC_LITERAL_CONVERSION = YES;
				CLANG_WARN_OBJC_ROOT_CLASS = YES_ERROR;
				CLANG_WARN_QUOTED_INCLUDE_IN_FRAMEWORK_HEADER = YES;
				CLANG_WARN_RANGE_LOOP_ANALYSIS = YES;
				CLANG_WARN_STRICT_PROTOTYPES = YES;
				CLANG_WARN_SUSPICIOUS_MOVE = YES;
				CLANG_WARN_UNGUARDED_AVAILABILITY = YES_AGGRESSIVE;
				CLANG_WARN_UNREACHABLE_CODE = YES;
				CLANG_WARN__DUPLICATE_METHOD_MATCH = YES;
				COPY_PHASE_STRIP = NO;
				DEBUG_INFORMATION_FORMAT = dwarf;
				ENABLE_STRICT_OBJC_MSGSEND = YES;
				ENABLE_TESTABILITY = YES;
				GCC_C_LANGUAGE_STANDARD = gnu11;
				GCC_DYNAMIC_NO_PIC = NO;
				GCC_NO_COMMON_BLOCKS = YES;
				GCC_OPTIMIZATION_LEVEL = 0;
				GCC_PREPROCESSOR_DEFINITIONS = (
					"DEBUG=1",
					"$(inherited)",
				);
				GCC_WARN_64_TO_32_BIT_CONVERSION = YES;
				GCC_WARN_ABOUT_RETURN_TYPE = YES_ERROR;
				GCC_WARN_UNDECLARED_SELECTOR = YES;
				GCC_WARN_UNINITIALIZED_AUTOS = YES_AGGRESSIVE;
				GCC_WARN_UNUSED_FUNCTION = YES;
				GCC_WARN_UNUSED_VARIABLE = YES;
				IPHONEOS_DEPLOYMENT_TARGET = 16.0;
				MTL_ENABLE_DEBUG_INFO = INCLUDE_SOURCE;
				MTL_FAST_MATH = YES;
				ONLY_ACTIVE_ARCH = YES;
				SDKROOT = iphoneos;
				SWIFT_ACTIVE_COMPILATION_CONDITIONS = DEBUG;
				SWIFT_OPTIMIZATION_LEVEL = "-Onone";
			};
			name = Debug;
		};
		5FF87FA42AB3AD0D00981C0D /* Release */ = {
			isa = XCBuildConfiguration;
			buildSettings = {
				ALWAYS_SEARCH_USER_PATHS = NO;
				CLANG_ANALYZER_NONNULL = YES;
				CLANG_ANALYZER_NUMBER_OBJECT_CONVERSION = YES_AGGRESSIVE;
				CLANG_CXX_LANGUAGE_STANDARD = "gnu++20";
				CLANG_ENABLE_MODULES = YES;
				CLANG_ENABLE_OBJC_ARC = YES;
				CLANG_ENABLE_OBJC_WEAK = YES;
				CLANG_WARN_BLOCK_CAPTURE_AUTORELEASING = YES;
				CLANG_WARN_BOOL_CONVERSION = YES;
				CLANG_WARN_COMMA = YES;
				CLANG_WARN_CONSTANT_CONVERSION = YES;
				CLANG_WARN_DEPRECATED_OBJC_IMPLEMENTATIONS = YES;
				CLANG_WARN_DIRECT_OBJC_ISA_USAGE = YES_ERROR;
				CLANG_WARN_DOCUMENTATION_COMMENTS = YES;
				CLANG_WARN_EMPTY_BODY = YES;
				CLANG_WARN_ENUM_CONVERSION = YES;
				CLANG_WARN_INFINITE_RECURSION = YES;
				CLANG_WARN_INT_CONVERSION = YES;
				CLANG_WARN_NON_LITERAL_NULL_CONVERSION = YES;
				CLANG_WARN_OBJC_IMPLICIT_RETAIN_SELF = YES;
				CLANG_WARN_OBJC_LITERAL_CONVERSION = YES;
				CLANG_WARN_OBJC_ROOT_CLASS = YES_ERROR;
				CLANG_WARN_QUOTED_INCLUDE_IN_FRAMEWORK_HEADER = YES;
				CLANG_WARN_RANGE_LOOP_ANALYSIS = YES;
				CLANG_WARN_STRICT_PROTOTYPES = YES;
				CLANG_WARN_SUSPICIOUS_MOVE = YES;
				CLANG_WARN_UNGUARDED_AVAILABILITY = YES_AGGRESSIVE;
				CLANG_WARN_UNREACHABLE_CODE = YES;
				CLANG_WARN__DUPLICATE_METHOD_MATCH = YES;
				COPY_PHASE_STRIP = NO;
				DEBUG_INFORMATION_FORMAT = "dwarf-with-dsym";
				ENABLE_NS_ASSERTIONS = NO;
				ENABLE_STRICT_OBJC_MSGSEND = YES;
				GCC_C_LANGUAGE_STANDARD = gnu11;
				GCC_NO_COMMON_BLOCKS = YES;
				GCC_WARN_64_TO_32_BIT_CONVERSION = YES;
				GCC_WARN_ABOUT_RETURN_TYPE = YES_ERROR;
				GCC_WARN_UNDECLARED_SELECTOR = YES;
				GCC_WARN_UNINITIALIZED_AUTOS = YES_AGGRESSIVE;
				GCC_WARN_UNUSED_FUNCTION = YES;
				GCC_WARN_UNUSED_VARIABLE = YES;
				IPHONEOS_DEPLOYMENT_TARGET = 16.0;
				MTL_ENABLE_DEBUG_INFO = NO;
				MTL_FAST_MATH = YES;
				SDKROOT = iphoneos;
				SWIFT_COMPILATION_MODE = wholemodule;
				SWIFT_OPTIMIZATION_LEVEL = "-O";
				VALIDATE_PRODUCT = YES;
			};
			name = Release;
		};
		5FF87FA62AB3AD0D00981C0D /* Debug */ = {
			isa = XCBuildConfiguration;
			buildSettings = {
				ASSETCATALOG_COMPILER_APPICON_NAME = AppIcon;
				ASSETCATALOG_COMPILER_GLOBAL_ACCENT_COLOR_NAME = AccentColor;
				ASSETCATALOG_COMPILER_INCLUDE_ALL_APPICON_ASSETS = YES;
				CODE_SIGN_STYLE = Automatic;
				CURRENT_PROJECT_VERSION = 1;
				DEVELOPMENT_ASSET_PATHS = "\"SwiftGroceryListApp/Preview Content\"";
				DEVELOPMENT_TEAM = R5YMQWU747;
				ENABLE_PREVIEWS = YES;
				GENERATE_INFOPLIST_FILE = YES;
				INFOPLIST_KEY_CFBundleDisplayName = "Grocery List";
				INFOPLIST_KEY_UIApplicationSceneManifest_Generation = YES;
				INFOPLIST_KEY_UIApplicationSupportsIndirectInputEvents = YES;
				INFOPLIST_KEY_UILaunchScreen_Generation = YES;
				INFOPLIST_KEY_UILaunchStoryboardName = "Launch Screen.storyboard";
				INFOPLIST_KEY_UISupportedInterfaceOrientations = UIInterfaceOrientationPortrait;
				LD_RUNPATH_SEARCH_PATHS = (
					"$(inherited)",
					"@executable_path/Frameworks",
				);
				MARKETING_VERSION = 1.0;
				PRODUCT_BUNDLE_IDENTIFIER = "rt-utcs.SwiftGroceryListApp";
				PRODUCT_NAME = "$(TARGET_NAME)";
				SWIFT_EMIT_LOC_STRINGS = YES;
				SWIFT_VERSION = 5.0;
				TARGETED_DEVICE_FAMILY = "1,2";
			};
			name = Debug;
		};
		5FF87FA72AB3AD0D00981C0D /* Release */ = {
			isa = XCBuildConfiguration;
			buildSettings = {
				ASSETCATALOG_COMPILER_APPICON_NAME = AppIcon;
				ASSETCATALOG_COMPILER_GLOBAL_ACCENT_COLOR_NAME = AccentColor;
				ASSETCATALOG_COMPILER_INCLUDE_ALL_APPICON_ASSETS = YES;
				CODE_SIGN_STYLE = Automatic;
				CURRENT_PROJECT_VERSION = 1;
				DEVELOPMENT_ASSET_PATHS = "\"SwiftGroceryListApp/Preview Content\"";
				DEVELOPMENT_TEAM = R5YMQWU747;
				ENABLE_PREVIEWS = YES;
				GENERATE_INFOPLIST_FILE = YES;
				INFOPLIST_KEY_CFBundleDisplayName = "Grocery List";
				INFOPLIST_KEY_UIApplicationSceneManifest_Generation = YES;
				INFOPLIST_KEY_UIApplicationSupportsIndirectInputEvents = YES;
				INFOPLIST_KEY_UILaunchScreen_Generation = YES;
				INFOPLIST_KEY_UILaunchStoryboardName = "Launch Screen.storyboard";
				INFOPLIST_KEY_UISupportedInterfaceOrientations = UIInterfaceOrientationPortrait;
				LD_RUNPATH_SEARCH_PATHS = (
					"$(inherited)",
					"@executable_path/Frameworks",
				);
				MARKETING_VERSION = 1.0;
				PRODUCT_BUNDLE_IDENTIFIER = "rt-utcs.SwiftGroceryListApp";
				PRODUCT_NAME = "$(TARGET_NAME)";
				SWIFT_EMIT_LOC_STRINGS = YES;
				SWIFT_VERSION = 5.0;
				TARGETED_DEVICE_FAMILY = "1,2";
			};
			name = Release;
		};
/* End XCBuildConfiguration section */

/* Begin XCConfigurationList section */
		5FF87F8D2AB3AD0C00981C0D /* Build configuration list for PBXProject "SwiftGroceryListApp" */ = {
			isa = XCConfigurationList;
			buildConfigurations = (
				5FF87FA32AB3AD0D00981C0D /* Debug */,
				5FF87FA42AB3AD0D00981C0D /* Release */,
			);
			defaultConfigurationIsVisible = 0;
			defaultConfigurationName = Release;
		};
		5FF87FA52AB3AD0D00981C0D /* Build configuration list for PBXNativeTarget "SwiftGroceryListApp" */ = {
			isa = XCConfigurationList;
			buildConfigurations = (
				5FF87FA62AB3AD0D00981C0D /* Debug */,
				5FF87FA72AB3AD0D00981C0D /* Release */,
			);
			defaultConfigurationIsVisible = 0;
			defaultConfigurationName = Release;
		};
/* End XCConfigurationList section */

/* Begin XCRemoteSwiftPackageReference section */
		5FF87FA82AB49DC800981C0D /* XCRemoteSwiftPackageReference "firebase-ios-sdk" */ = {
			isa = XCRemoteSwiftPackageReference;
			repositoryURL = "https://github.com/firebase/firebase-ios-sdk";
			requirement = {
				branch = master;
				kind = branch;
			};
		};
/* End XCRemoteSwiftPackageReference section */

/* Begin XCSwiftPackageProductDependency section */
		5F7432302AB8AC2200753CBD /* FirebaseAuth */ = {
			isa = XCSwiftPackageProductDependency;
			package = 5FF87FA82AB49DC800981C0D /* XCRemoteSwiftPackageReference "firebase-ios-sdk" */;
			productName = FirebaseAuth;
		};
		5F7432322AB8AC2600753CBD /* FirebaseFirestore */ = {
			isa = XCSwiftPackageProductDependency;
			package = 5FF87FA82AB49DC800981C0D /* XCRemoteSwiftPackageReference "firebase-ios-sdk" */;
			productName = FirebaseFirestore;
		};
		5F7432342AB8AC2D00753CBD /* FirebaseFirestoreSwift */ = {
			isa = XCSwiftPackageProductDependency;
			package = 5FF87FA82AB49DC800981C0D /* XCRemoteSwiftPackageReference "firebase-ios-sdk" */;
			productName = FirebaseFirestoreSwift;
		};
/* End XCSwiftPackageProductDependency section */

/* Begin XCVersionGroup section */
		5FF87FA02AB3AD0D00981C0D /* SwiftGroceryListApp.xcdatamodeld */ = {
			isa = XCVersionGroup;
			children = (
				5FF87FA12AB3AD0D00981C0D /* SwiftGroceryListApp.xcdatamodel */,
			);
			currentVersion = 5FF87FA12AB3AD0D00981C0D /* SwiftGroceryListApp.xcdatamodel */;
			path = SwiftGroceryListApp.xcdatamodeld;
			sourceTree = "<group>";
			versionGroupType = wrapper.xcdatamodel;
		};
/* End XCVersionGroup section */
	};
	rootObject = 5FF87F8A2AB3AD0C00981C0D /* Project object */;
}
